
Microsoft Visual Studio Solution File, Format Version 12.00
# Visual Studio 15
VisualStudioVersion = 15.0.28307.271
MinimumVisualStudioVersion = 10.0.40219.1
Project("{9A19103F-16F7-4668-BE54-9A1E7A4F7556}") = "MappingMadeEasyTest", "MappingMadeEasyTest\MappingMadeEasyTest.csproj", "{18B12643-300F-4512-A5C8-3B6D53473E23}"
EndProject
Project("{FAE04EC0-301F-11D3-BF4B-00C04F79EFBC}") = "MappingMadeEasy.Standard.Nuget", "MappingMadeEasy.Standard.Nuget\MappingMadeEasy.Standard.Nuget.csproj", "{844EA8AF-C9B0-423A-AE57-051D900E4A8A}"
EndProject
Global
	GlobalSection(SolutionConfigurationPlatforms) = preSolution
		Debug|Any CPU = Debug|Any CPU
		Release|Any CPU = Release|Any CPU
	EndGlobalSection
	GlobalSection(ProjectConfigurationPlatforms) = postSolution
		{18B12643-300F-4512-A5C8-3B6D53473E23}.Debug|Any CPU.ActiveCfg = Debug|Any CPU
		{18B12643-300F-4512-A5C8-3B6D53473E23}.Debug|Any CPU.Build.0 = Debug|Any CPU
		{18B12643-300F-4512-A5C8-3B6D53473E23}.Release|Any CPU.ActiveCfg = Release|Any CPU
		{18B12643-300F-4512-A5C8-3B6D53473E23}.Release|Any CPU.Build.0 = Release|Any CPU
		{844EA8AF-C9B0-423A-AE57-051D900E4A8A}.Debug|Any CPU.ActiveCfg = Debug|Any CPU
		{844EA8AF-C9B0-423A-AE57-051D900E4A8A}.Debug|Any CPU.Build.0 = Debug|Any CPU
		{844EA8AF-C9B0-423A-AE57-051D900E4A8A}.Release|Any CPU.ActiveCfg = Release|Any CPU
		{844EA8AF-C9B0-423A-AE57-051D900E4A8A}.Release|Any CPU.Build.0 = Release|Any CPU
	EndGlobalSection
	GlobalSection(SolutionProperties) = preSolution
		HideSolutionNode = FALSE
	EndGlobalSection
	GlobalSection(ExtensibilityGlobals) = postSolution
		SolutionGuid = {39FAC3D7-AA10-4838-B9BF-4B6752DD0416}
	EndGlobalSection
	GlobalSection(TeamFoundationVersionControl) = preSolution
		SccNumberOfProjects = 3
		SccEnterpriseProvider = {4CA58AB2-18FA-4F8D-95D4-32DDF27D184C}
		SccTeamFoundationServer = http://tfs.p.vu.local:8080/tfs/defaultcollection
		SccLocalPath0 = .
		SccProjectUniqueName1 = MappingMadeEasyTest\\MappingMadeEasyTest.csproj
		SccProjectName1 = MappingMadeEasyTest
		SccLocalPath1 = MappingMadeEasyTest
		SccProjectUniqueName2 = MappingMadeEasy.Standard.Nuget\\MappingMadeEasy.Standard.Nuget.csproj
		SccProjectName2 = MappingMadeEasy.Standard.Nuget
		SccLocalPath2 = MappingMadeEasy.Standard.Nuget
	EndGlobalSection
EndGlobal
